// !$*UTF8*$!
{
	archiveVersion = 1;
	classes = {
	};
	objectVersion = 50;
	objects = {

/* Begin PBXBuildFile section */
		C6AEE8DE24B996FB0082AD4D /* AppDelegate.swift in Sources */ = {isa = PBXBuildFile; fileRef = C6AEE8DD24B996FB0082AD4D /* AppDelegate.swift */; };
		C6AEE8E024B996FB0082AD4D /* SceneDelegate.swift in Sources */ = {isa = PBXBuildFile; fileRef = C6AEE8DF24B996FB0082AD4D /* SceneDelegate.swift */; };
		C6AEE8E224B996FB0082AD4D /* ContentView.swift in Sources */ = {isa = PBXBuildFile; fileRef = C6AEE8E124B996FB0082AD4D /* ContentView.swift */; };
		C6AEE8E424B996FE0082AD4D /* Assets.xcassets in Resources */ = {isa = PBXBuildFile; fileRef = C6AEE8E324B996FE0082AD4D /* Assets.xcassets */; };
		C6AEE8E724B996FE0082AD4D /* Preview Assets.xcassets in Resources */ = {isa = PBXBuildFile; fileRef = C6AEE8E624B996FE0082AD4D /* Preview Assets.xcassets */; };
		C6AEE8EA24B996FE0082AD4D /* LaunchScreen.storyboard in Resources */ = {isa = PBXBuildFile; fileRef = C6AEE8E824B996FE0082AD4D /* LaunchScreen.storyboard */; };
		C6AEE8F524B996FE0082AD4D /* LeetcodeTests.swift in Sources */ = {isa = PBXBuildFile; fileRef = C6AEE8F424B996FE0082AD4D /* LeetcodeTests.swift */; };
		C6AEE90124B9978F0082AD4D /* 53. Maximum Subarray.swift in Sources */ = {isa = PBXBuildFile; fileRef = C6AEE90024B9978F0082AD4D /* 53. Maximum Subarray.swift */; };
		C6AEE90624B9980A0082AD4D /* Test Maximum Subarray.swift in Sources */ = {isa = PBXBuildFile; fileRef = C6AEE90524B9980A0082AD4D /* Test Maximum Subarray.swift */; };
		C6AEE90724B998230082AD4D /* 53. Maximum Subarray.swift in Sources */ = {isa = PBXBuildFile; fileRef = C6AEE90024B9978F0082AD4D /* 53. Maximum Subarray.swift */; };
		C6AEE90924B999E90082AD4D /* 66. Plus One.swift in Sources */ = {isa = PBXBuildFile; fileRef = C6AEE90824B999E90082AD4D /* 66. Plus One.swift */; };
		C6AEE90B24B99A100082AD4D /* Test Plus One.swift in Sources */ = {isa = PBXBuildFile; fileRef = C6AEE90A24B99A100082AD4D /* Test Plus One.swift */; };
		C6AEE90C24B99A230082AD4D /* 66. Plus One.swift in Sources */ = {isa = PBXBuildFile; fileRef = C6AEE90824B999E90082AD4D /* 66. Plus One.swift */; };
		C6AEE90F24B99AF70082AD4D /* 67. Add Binary.swift in Sources */ = {isa = PBXBuildFile; fileRef = C6AEE90E24B99AF70082AD4D /* 67. Add Binary.swift */; };
		C6AEE91124B99B150082AD4D /* Test Add Binary.swift in Sources */ = {isa = PBXBuildFile; fileRef = C6AEE91024B99B150082AD4D /* Test Add Binary.swift */; };
		C6AEE91224B99B250082AD4D /* 67. Add Binary.swift in Sources */ = {isa = PBXBuildFile; fileRef = C6AEE90E24B99AF70082AD4D /* 67. Add Binary.swift */; };
/* End PBXBuildFile section */

/* Begin PBXContainerItemProxy section */
		C6AEE8F124B996FE0082AD4D /* PBXContainerItemProxy */ = {
			isa = PBXContainerItemProxy;
			containerPortal = C6AEE8D224B996FB0082AD4D /* Project object */;
			proxyType = 1;
			remoteGlobalIDString = C6AEE8D924B996FB0082AD4D;
			remoteInfo = Leetcode;
		};
/* End PBXContainerItemProxy section */

/* Begin PBXFileReference section */
		C6AEE8DA24B996FB0082AD4D /* Leetcode.app */ = {isa = PBXFileReference; explicitFileType = wrapper.application; includeInIndex = 0; path = Leetcode.app; sourceTree = BUILT_PRODUCTS_DIR; };
		C6AEE8DD24B996FB0082AD4D /* AppDelegate.swift */ = {isa = PBXFileReference; lastKnownFileType = sourcecode.swift; path = AppDelegate.swift; sourceTree = "<group>"; };
		C6AEE8DF24B996FB0082AD4D /* SceneDelegate.swift */ = {isa = PBXFileReference; lastKnownFileType = sourcecode.swift; path = SceneDelegate.swift; sourceTree = "<group>"; };
		C6AEE8E124B996FB0082AD4D /* ContentView.swift */ = {isa = PBXFileReference; lastKnownFileType = sourcecode.swift; path = ContentView.swift; sourceTree = "<group>"; };
		C6AEE8E324B996FE0082AD4D /* Assets.xcassets */ = {isa = PBXFileReference; lastKnownFileType = folder.assetcatalog; path = Assets.xcassets; sourceTree = "<group>"; };
		C6AEE8E624B996FE0082AD4D /* Preview Assets.xcassets */ = {isa = PBXFileReference; lastKnownFileType = folder.assetcatalog; path = "Preview Assets.xcassets"; sourceTree = "<group>"; };
		C6AEE8E924B996FE0082AD4D /* Base */ = {isa = PBXFileReference; lastKnownFileType = file.storyboard; name = Base; path = Base.lproj/LaunchScreen.storyboard; sourceTree = "<group>"; };
		C6AEE8EB24B996FE0082AD4D /* Info.plist */ = {isa = PBXFileReference; lastKnownFileType = text.plist.xml; path = Info.plist; sourceTree = "<group>"; };
		C6AEE8F024B996FE0082AD4D /* LeetcodeTests.xctest */ = {isa = PBXFileReference; explicitFileType = wrapper.cfbundle; includeInIndex = 0; path = LeetcodeTests.xctest; sourceTree = BUILT_PRODUCTS_DIR; };
		C6AEE8F424B996FE0082AD4D /* LeetcodeTests.swift */ = {isa = PBXFileReference; lastKnownFileType = sourcecode.swift; path = LeetcodeTests.swift; sourceTree = "<group>"; };
		C6AEE8F624B996FE0082AD4D /* Info.plist */ = {isa = PBXFileReference; lastKnownFileType = text.plist.xml; path = Info.plist; sourceTree = "<group>"; };
		C6AEE90024B9978F0082AD4D /* 53. Maximum Subarray.swift */ = {isa = PBXFileReference; lastKnownFileType = sourcecode.swift; path = "53. Maximum Subarray.swift"; sourceTree = "<group>"; };
		C6AEE90524B9980A0082AD4D /* Test Maximum Subarray.swift */ = {isa = PBXFileReference; lastKnownFileType = sourcecode.swift; path = "Test Maximum Subarray.swift"; sourceTree = "<group>"; };
		C6AEE90824B999E90082AD4D /* 66. Plus One.swift */ = {isa = PBXFileReference; lastKnownFileType = sourcecode.swift; path = "66. Plus One.swift"; sourceTree = "<group>"; };
		C6AEE90A24B99A100082AD4D /* Test Plus One.swift */ = {isa = PBXFileReference; lastKnownFileType = sourcecode.swift; path = "Test Plus One.swift"; sourceTree = "<group>"; };
		C6AEE90E24B99AF70082AD4D /* 67. Add Binary.swift */ = {isa = PBXFileReference; lastKnownFileType = sourcecode.swift; path = "67. Add Binary.swift"; sourceTree = "<group>"; };
		C6AEE91024B99B150082AD4D /* Test Add Binary.swift */ = {isa = PBXFileReference; lastKnownFileType = sourcecode.swift; path = "Test Add Binary.swift"; sourceTree = "<group>"; };
/* End PBXFileReference section */

/* Begin PBXFrameworksBuildPhase section */
		C6AEE8D724B996FB0082AD4D /* Frameworks */ = {
			isa = PBXFrameworksBuildPhase;
			buildActionMask = 2147483647;
			files = (
			);
			runOnlyForDeploymentPostprocessing = 0;
		};
		C6AEE8ED24B996FE0082AD4D /* Frameworks */ = {
			isa = PBXFrameworksBuildPhase;
			buildActionMask = 2147483647;
			files = (
			);
			runOnlyForDeploymentPostprocessing = 0;
		};
/* End PBXFrameworksBuildPhase section */

/* Begin PBXGroup section */
		C6AEE8D124B996FB0082AD4D = {
			isa = PBXGroup;
			children = (
				C6AEE90D24B99A8F0082AD4D /* Solution */,
				C6AEE8DC24B996FB0082AD4D /* Leetcode */,
				C6AEE8F324B996FE0082AD4D /* LeetcodeTests */,
				C6AEE8DB24B996FB0082AD4D /* Products */,
			);
			sourceTree = "<group>";
		};
		C6AEE8DB24B996FB0082AD4D /* Products */ = {
			isa = PBXGroup;
			children = (
				C6AEE8DA24B996FB0082AD4D /* Leetcode.app */,
				C6AEE8F024B996FE0082AD4D /* LeetcodeTests.xctest */,
			);
			name = Products;
			sourceTree = "<group>";
		};
		C6AEE8DC24B996FB0082AD4D /* Leetcode */ = {
			isa = PBXGroup;
			children = (
				C6AEE8DD24B996FB0082AD4D /* AppDelegate.swift */,
				C6AEE8DF24B996FB0082AD4D /* SceneDelegate.swift */,
				C6AEE8E124B996FB0082AD4D /* ContentView.swift */,
				C6AEE8E324B996FE0082AD4D /* Assets.xcassets */,
				C6AEE8E824B996FE0082AD4D /* LaunchScreen.storyboard */,
				C6AEE8EB24B996FE0082AD4D /* Info.plist */,
				C6AEE8E524B996FE0082AD4D /* Preview Content */,
			);
			path = Leetcode;
			sourceTree = "<group>";
		};
		C6AEE8E524B996FE0082AD4D /* Preview Content */ = {
			isa = PBXGroup;
			children = (
				C6AEE8E624B996FE0082AD4D /* Preview Assets.xcassets */,
			);
			path = "Preview Content";
			sourceTree = "<group>";
		};
		C6AEE8F324B996FE0082AD4D /* LeetcodeTests */ = {
			isa = PBXGroup;
			children = (
				C6AEE90224B997D10082AD4D /* Solution Tests */,
				C6AEE8F424B996FE0082AD4D /* LeetcodeTests.swift */,
				C6AEE8F624B996FE0082AD4D /* Info.plist */,
			);
			path = LeetcodeTests;
			sourceTree = "<group>";
		};
		C6AEE90224B997D10082AD4D /* Solution Tests */ = {
			isa = PBXGroup;
			children = (
				C6AEE90A24B99A100082AD4D /* Test Plus One.swift */,
				C6AEE90524B9980A0082AD4D /* Test Maximum Subarray.swift */,
				C6AEE91024B99B150082AD4D /* Test Add Binary.swift */,
			);
			path = "Solution Tests";
			sourceTree = "<group>";
		};
		C6AEE90D24B99A8F0082AD4D /* Solution */ = {
			isa = PBXGroup;
			children = (
				C6AEE90024B9978F0082AD4D /* 53. Maximum Subarray.swift */,
				C6AEE90824B999E90082AD4D /* 66. Plus One.swift */,
				C6AEE90E24B99AF70082AD4D /* 67. Add Binary.swift */,
			);
			path = Solution;
			sourceTree = "<group>";
		};
/* End PBXGroup section */

/* Begin PBXNativeTarget section */
		C6AEE8D924B996FB0082AD4D /* Leetcode */ = {
			isa = PBXNativeTarget;
			buildConfigurationList = C6AEE8F924B996FE0082AD4D /* Build configuration list for PBXNativeTarget "Leetcode" */;
			buildPhases = (
				C6AEE8D624B996FB0082AD4D /* Sources */,
				C6AEE8D724B996FB0082AD4D /* Frameworks */,
				C6AEE8D824B996FB0082AD4D /* Resources */,
			);
			buildRules = (
			);
			dependencies = (
			);
			name = Leetcode;
			productName = Leetcode;
			productReference = C6AEE8DA24B996FB0082AD4D /* Leetcode.app */;
			productType = "com.apple.product-type.application";
		};
		C6AEE8EF24B996FE0082AD4D /* LeetcodeTests */ = {
			isa = PBXNativeTarget;
			buildConfigurationList = C6AEE8FC24B996FE0082AD4D /* Build configuration list for PBXNativeTarget "LeetcodeTests" */;
			buildPhases = (
				C6AEE8EC24B996FE0082AD4D /* Sources */,
				C6AEE8ED24B996FE0082AD4D /* Frameworks */,
				C6AEE8EE24B996FE0082AD4D /* Resources */,
			);
			buildRules = (
			);
			dependencies = (
				C6AEE8F224B996FE0082AD4D /* PBXTargetDependency */,
			);
			name = LeetcodeTests;
			productName = LeetcodeTests;
			productReference = C6AEE8F024B996FE0082AD4D /* LeetcodeTests.xctest */;
			productType = "com.apple.product-type.bundle.unit-test";
		};
/* End PBXNativeTarget section */

/* Begin PBXProject section */
		C6AEE8D224B996FB0082AD4D /* Project object */ = {
			isa = PBXProject;
			attributes = {
				LastSwiftUpdateCheck = 1140;
				LastUpgradeCheck = 1140;
				ORGANIZATIONNAME = Blasphmy;
				TargetAttributes = {
					C6AEE8D924B996FB0082AD4D = {
						CreatedOnToolsVersion = 11.4.1;
					};
					C6AEE8EF24B996FE0082AD4D = {
						CreatedOnToolsVersion = 11.4.1;
						TestTargetID = C6AEE8D924B996FB0082AD4D;
					};
				};
			};
			buildConfigurationList = C6AEE8D524B996FB0082AD4D /* Build configuration list for PBXProject "Leetcode" */;
			compatibilityVersion = "Xcode 9.3";
			developmentRegion = en;
			hasScannedForEncodings = 0;
			knownRegions = (
				en,
				Base,
			);
			mainGroup = C6AEE8D124B996FB0082AD4D;
			productRefGroup = C6AEE8DB24B996FB0082AD4D /* Products */;
			projectDirPath = "";
			projectRoot = "";
			targets = (
				C6AEE8D924B996FB0082AD4D /* Leetcode */,
				C6AEE8EF24B996FE0082AD4D /* LeetcodeTests */,
			);
		};
/* End PBXProject section */

/* Begin PBXResourcesBuildPhase section */
		C6AEE8D824B996FB0082AD4D /* Resources */ = {
			isa = PBXResourcesBuildPhase;
			buildActionMask = 2147483647;
			files = (
				C6AEE8EA24B996FE0082AD4D /* LaunchScreen.storyboard in Resources */,
				C6AEE8E724B996FE0082AD4D /* Preview Assets.xcassets in Resources */,
				C6AEE8E424B996FE0082AD4D /* Assets.xcassets in Resources */,
			);
			runOnlyForDeploymentPostprocessing = 0;
		};
		C6AEE8EE24B996FE0082AD4D /* Resources */ = {
			isa = PBXResourcesBuildPhase;
			buildActionMask = 2147483647;
			files = (
			);
			runOnlyForDeploymentPostprocessing = 0;
		};
/* End PBXResourcesBuildPhase section */

/* Begin PBXSourcesBuildPhase section */
		C6AEE8D624B996FB0082AD4D /* Sources */ = {
			isa = PBXSourcesBuildPhase;
			buildActionMask = 2147483647;
			files = (
				C6AEE90124B9978F0082AD4D /* 53. Maximum Subarray.swift in Sources */,
				C6AEE90924B999E90082AD4D /* 66. Plus One.swift in Sources */,
				C6AEE90F24B99AF70082AD4D /* 67. Add Binary.swift in Sources */,
				C6AEE8DE24B996FB0082AD4D /* AppDelegate.swift in Sources */,
				C6AEE8E024B996FB0082AD4D /* SceneDelegate.swift in Sources */,
				C6AEE8E224B996FB0082AD4D /* ContentView.swift in Sources */,
			);
			runOnlyForDeploymentPostprocessing = 0;
		};
		C6AEE8EC24B996FE0082AD4D /* Sources */ = {
			isa = PBXSourcesBuildPhase;
			buildActionMask = 2147483647;
			files = (
				C6AEE91124B99B150082AD4D /* Test Add Binary.swift in Sources */,
				C6AEE8F524B996FE0082AD4D /* LeetcodeTests.swift in Sources */,
				C6AEE90C24B99A230082AD4D /* 66. Plus One.swift in Sources */,
				C6AEE90624B9980A0082AD4D /* Test Maximum Subarray.swift in Sources */,
				C6AEE90724B998230082AD4D /* 53. Maximum Subarray.swift in Sources */,
				C6AEE91224B99B250082AD4D /* 67. Add Binary.swift in Sources */,
				C6AEE90B24B99A100082AD4D /* Test Plus One.swift in Sources */,
			);
			runOnlyForDeploymentPostprocessing = 0;
		};
/* End PBXSourcesBuildPhase section */

/* Begin PBXTargetDependency section */
		C6AEE8F224B996FE0082AD4D /* PBXTargetDependency */ = {
			isa = PBXTargetDependency;
			target = C6AEE8D924B996FB0082AD4D /* Leetcode */;
			targetProxy = C6AEE8F124B996FE0082AD4D /* PBXContainerItemProxy */;
		};
/* End PBXTargetDependency section */

/* Begin PBXVariantGroup section */
		C6AEE8E824B996FE0082AD4D /* LaunchScreen.storyboard */ = {
			isa = PBXVariantGroup;
			children = (
				C6AEE8E924B996FE0082AD4D /* Base */,
			);
			name = LaunchScreen.storyboard;
			sourceTree = "<group>";
		};
/* End PBXVariantGroup section */

/* Begin XCBuildConfiguration section */
		C6AEE8F724B996FE0082AD4D /* Debug */ = {
			isa = XCBuildConfiguration;
			buildSettings = {
				ALWAYS_SEARCH_USER_PATHS = NO;
				CLANG_ANALYZER_NONNULL = YES;
				CLANG_ANALYZER_NUMBER_OBJECT_CONVERSION = YES_AGGRESSIVE;
				CLANG_CXX_LANGUAGE_STANDARD = "gnu++14";
				CLANG_CXX_LIBRARY = "libc++";
				CLANG_ENABLE_MODULES = YES;
				CLANG_ENABLE_OBJC_ARC = YES;
				CLANG_ENABLE_OBJC_WEAK = YES;
				CLANG_WARN_BLOCK_CAPTURE_AUTORELEASING = YES;
				CLANG_WARN_BOOL_CONVERSION = YES;
				CLANG_WARN_COMMA = YES;
				CLANG_WARN_CONSTANT_CONVERSION = YES;
				CLANG_WARN_DEPRECATED_OBJC_IMPLEMENTATIONS = YES;
				CLANG_WARN_DIRECT_OBJC_ISA_USAGE = YES_ERROR;
				CLANG_WARN_DOCUMENTATION_COMMENTS = YES;
				CLANG_WARN_EMPTY_BODY = YES;
				CLANG_WARN_ENUM_CONVERSION = YES;
				CLANG_WARN_INFINITE_RECURSION = YES;
				CLANG_WARN_INT_CONVERSION = YES;
				CLANG_WARN_NON_LITERAL_NULL_CONVERSION = YES;
				CLANG_WARN_OBJC_IMPLICIT_RETAIN_SELF = YES;
				CLANG_WARN_OBJC_LITERAL_CONVERSION = YES;
				CLANG_WARN_OBJC_ROOT_CLASS = YES_ERROR;
				CLANG_WARN_RANGE_LOOP_ANALYSIS = YES;
				CLANG_WARN_STRICT_PROTOTYPES = YES;
				CLANG_WARN_SUSPICIOUS_MOVE = YES;
				CLANG_WARN_UNGUARDED_AVAILABILITY = YES_AGGRESSIVE;
				CLANG_WARN_UNREACHABLE_CODE = YES;
				CLANG_WARN__DUPLICATE_METHOD_MATCH = YES;
				COPY_PHASE_STRIP = NO;
				DEBUG_INFORMATION_FORMAT = dwarf;
				ENABLE_STRICT_OBJC_MSGSEND = YES;
				ENABLE_TESTABILITY = YES;
				GCC_C_LANGUAGE_STANDARD = gnu11;
				GCC_DYNAMIC_NO_PIC = NO;
				GCC_NO_COMMON_BLOCKS = YES;
				GCC_OPTIMIZATION_LEVEL = 0;
				GCC_PREPROCESSOR_DEFINITIONS = (
					"DEBUG=1",
					"$(inherited)",
				);
				GCC_WARN_64_TO_32_BIT_CONVERSION = YES;
				GCC_WARN_ABOUT_RETURN_TYPE = YES_ERROR;
				GCC_WARN_UNDECLARED_SELECTOR = YES;
				GCC_WARN_UNINITIALIZED_AUTOS = YES_AGGRESSIVE;
				GCC_WARN_UNUSED_FUNCTION = YES;
				GCC_WARN_UNUSED_VARIABLE = YES;
				IPHONEOS_DEPLOYMENT_TARGET = 13.4;
				MTL_ENABLE_DEBUG_INFO = INCLUDE_SOURCE;
				MTL_FAST_MATH = YES;
				ONLY_ACTIVE_ARCH = YES;
				SDKROOT = iphoneos;
				SWIFT_ACTIVE_COMPILATION_CONDITIONS = DEBUG;
				SWIFT_OPTIMIZATION_LEVEL = "-Onone";
			};
			name = Debug;
		};
		C6AEE8F824B996FE0082AD4D /* Release */ = {
			isa = XCBuildConfiguration;
			buildSettings = {
				ALWAYS_SEARCH_USER_PATHS = NO;
				CLANG_ANALYZER_NONNULL = YES;
				CLANG_ANALYZER_NUMBER_OBJECT_CONVERSION = YES_AGGRESSIVE;
				CLANG_CXX_LANGUAGE_STANDARD = "gnu++14";
				CLANG_CXX_LIBRARY = "libc++";
				CLANG_ENABLE_MODULES = YES;
				CLANG_ENABLE_OBJC_ARC = YES;
				CLANG_ENABLE_OBJC_WEAK = YES;
				CLANG_WARN_BLOCK_CAPTURE_AUTORELEASING = YES;
				CLANG_WARN_BOOL_CONVERSION = YES;
				CLANG_WARN_COMMA = YES;
				CLANG_WARN_CONSTANT_CONVERSION = YES;
				CLANG_WARN_DEPRECATED_OBJC_IMPLEMENTATIONS = YES;
				CLANG_WARN_DIRECT_OBJC_ISA_USAGE = YES_ERROR;
				CLANG_WARN_DOCUMENTATION_COMMENTS = YES;
				CLANG_WARN_EMPTY_BODY = YES;
				CLANG_WARN_ENUM_CONVERSION = YES;
				CLANG_WARN_INFINITE_RECURSION = YES;
				CLANG_WARN_INT_CONVERSION = YES;
				CLANG_WARN_NON_LITERAL_NULL_CONVERSION = YES;
				CLANG_WARN_OBJC_IMPLICIT_RETAIN_SELF = YES;
				CLANG_WARN_OBJC_LITERAL_CONVERSION = YES;
				CLANG_WARN_OBJC_ROOT_CLASS = YES_ERROR;
				CLANG_WARN_RANGE_LOOP_ANALYSIS = YES;
				CLANG_WARN_STRICT_PROTOTYPES = YES;
				CLANG_WARN_SUSPICIOUS_MOVE = YES;
				CLANG_WARN_UNGUARDED_AVAILABILITY = YES_AGGRESSIVE;
				CLANG_WARN_UNREACHABLE_CODE = YES;
				CLANG_WARN__DUPLICATE_METHOD_MATCH = YES;
				COPY_PHASE_STRIP = NO;
				DEBUG_INFORMATION_FORMAT = "dwarf-with-dsym";
				ENABLE_NS_ASSERTIONS = NO;
				ENABLE_STRICT_OBJC_MSGSEND = YES;
				GCC_C_LANGUAGE_STANDARD = gnu11;
				GCC_NO_COMMON_BLOCKS = YES;
				GCC_WARN_64_TO_32_BIT_CONVERSION = YES;
				GCC_WARN_ABOUT_RETURN_TYPE = YES_ERROR;
				GCC_WARN_UNDECLARED_SELECTOR = YES;
				GCC_WARN_UNINITIALIZED_AUTOS = YES_AGGRESSIVE;
				GCC_WARN_UNUSED_FUNCTION = YES;
				GCC_WARN_UNUSED_VARIABLE = YES;
				IPHONEOS_DEPLOYMENT_TARGET = 13.4;
				MTL_ENABLE_DEBUG_INFO = NO;
				MTL_FAST_MATH = YES;
				SDKROOT = iphoneos;
				SWIFT_COMPILATION_MODE = wholemodule;
				SWIFT_OPTIMIZATION_LEVEL = "-O";
				VALIDATE_PRODUCT = YES;
			};
			name = Release;
		};
		C6AEE8FA24B996FE0082AD4D /* Debug */ = {
			isa = XCBuildConfiguration;
			buildSettings = {
				ASSETCATALOG_COMPILER_APPICON_NAME = AppIcon;
				CODE_SIGN_STYLE = Automatic;
				DEVELOPMENT_ASSET_PATHS = "\"Leetcode/Preview Content\"";
				DEVELOPMENT_TEAM = 9KB772ULPQ;
				ENABLE_PREVIEWS = YES;
				INFOPLIST_FILE = Leetcode/Info.plist;
				LD_RUNPATH_SEARCH_PATHS = (
					"$(inherited)",
					"@executable_path/Frameworks",
				);
				PRODUCT_BUNDLE_IDENTIFIER = com.Blasphmy.Leetcode;
				PRODUCT_NAME = "$(TARGET_NAME)";
				SWIFT_VERSION = 5.0;
				TARGETED_DEVICE_FAMILY = "1,2";
			};
			name = Debug;
		};
		C6AEE8FB24B996FE0082AD4D /* Release */ = {
			isa = XCBuildConfiguration;
			buildSettings = {
				ASSETCATALOG_COMPILER_APPICON_NAME = AppIcon;
				CODE_SIGN_STYLE = Automatic;
				DEVELOPMENT_ASSET_PATHS = "\"Leetcode/Preview Content\"";
				DEVELOPMENT_TEAM = 9KB772ULPQ;
				ENABLE_PREVIEWS = YES;
				INFOPLIST_FILE = Leetcode/Info.plist;
				LD_RUNPATH_SEARCH_PATHS = (
					"$(inherited)",
					"@executable_path/Frameworks",
				);
				PRODUCT_BUNDLE_IDENTIFIER = com.Blasphmy.Leetcode;
				PRODUCT_NAME = "$(TARGET_NAME)";
				SWIFT_VERSION = 5.0;
				TARGETED_DEVICE_FAMILY = "1,2";
			};
			name = Release;
		};
		C6AEE8FD24B996FE0082AD4D /* Debug */ = {
			isa = XCBuildConfiguration;
			buildSettings = {
				ALWAYS_EMBED_SWIFT_STANDARD_LIBRARIES = YES;
				BUNDLE_LOADER = "$(TEST_HOST)";
				CODE_SIGN_STYLE = Automatic;
				DEVELOPMENT_TEAM = 9KB772ULPQ;
				INFOPLIST_FILE = LeetcodeTests/Info.plist;
				IPHONEOS_DEPLOYMENT_TARGET = 13.4;
				LD_RUNPATH_SEARCH_PATHS = (
					"$(inherited)",
					"@executable_path/Frameworks",
					"@loader_path/Frameworks",
				);
				PRODUCT_BUNDLE_IDENTIFIER = com.Blasphmy.LeetcodeTests;
				PRODUCT_NAME = "$(TARGET_NAME)";
				SWIFT_VERSION = 5.0;
				TARGETED_DEVICE_FAMILY = "1,2";
				TEST_HOST = "$(BUILT_PRODUCTS_DIR)/Leetcode.app/Leetcode";
			};
			name = Debug;
		};
		C6AEE8FE24B996FE0082AD4D /* Release */ = {
			isa = XCBuildConfiguration;
			buildSettings = {
				ALWAYS_EMBED_SWIFT_STANDARD_LIBRARIES = YES;
				BUNDLE_LOADER = "$(TEST_HOST)";
				CODE_SIGN_STYLE = Automatic;
				DEVELOPMENT_TEAM = 9KB772ULPQ;
				INFOPLIST_FILE = LeetcodeTests/Info.plist;
				IPHONEOS_DEPLOYMENT_TARGET = 13.4;
				LD_RUNPATH_SEARCH_PATHS = (
					"$(inherited)",
					"@executable_path/Frameworks",
					"@loader_path/Frameworks",
				);
				PRODUCT_BUNDLE_IDENTIFIER = com.Blasphmy.LeetcodeTests;
				PRODUCT_NAME = "$(TARGET_NAME)";
				SWIFT_VERSION = 5.0;
				TARGETED_DEVICE_FAMILY = "1,2";
				TEST_HOST = "$(BUILT_PRODUCTS_DIR)/Leetcode.app/Leetcode";
			};
			name = Release;
		};
/* End XCBuildConfiguration section */

/* Begin XCConfigurationList section */
		C6AEE8D524B996FB0082AD4D /* Build configuration list for PBXProject "Leetcode" */ = {
			isa = XCConfigurationList;
			buildConfigurations = (
				C6AEE8F724B996FE0082AD4D /* Debug */,
				C6AEE8F824B996FE0082AD4D /* Release */,
			);
			defaultConfigurationIsVisible = 0;
			defaultConfigurationName = Release;
		};
		C6AEE8F924B996FE0082AD4D /* Build configuration list for PBXNativeTarget "Leetcode" */ = {
			isa = XCConfigurationList;
			buildConfigurations = (
				C6AEE8FA24B996FE0082AD4D /* Debug */,
				C6AEE8FB24B996FE0082AD4D /* Release */,
			);
			defaultConfigurationIsVisible = 0;
			defaultConfigurationName = Release;
		};
		C6AEE8FC24B996FE0082AD4D /* Build configuration list for PBXNativeTarget "LeetcodeTests" */ = {
			isa = XCConfigurationList;
			buildConfigurations = (
				C6AEE8FD24B996FE0082AD4D /* Debug */,
				C6AEE8FE24B996FE0082AD4D /* Release */,
			);
			defaultConfigurationIsVisible = 0;
			defaultConfigurationName = Release;
		};
/* End XCConfigurationList section */
	};
	rootObject = C6AEE8D224B996FB0082AD4D /* Project object */;
}
